
Microsoft Visual Studio Solution File, Format Version 12.00
# Visual Studio Version 16
VisualStudioVersion = 16.0.30804.86
MinimumVisualStudioVersion = 10.0.40219.1
Project("{FAE04EC0-301F-11D3-BF4B-00C04F79EFBC}") = "Reigns", "Reigns\Reigns.csproj", "{44F3A943-976C-4071-9449-B8BC64528EFE}"
EndProject
Global
	GlobalSection(SolutionConfigurationPlatforms) = preSolution
		Debug|Any CPU = Debug|Any CPU
		Release|Any CPU = Release|Any CPU
	EndGlobalSection
	GlobalSection(ProjectConfigurationPlatforms) = postSolution
		{44F3A943-976C-4071-9449-B8BC64528EFE}.Debug|Any CPU.ActiveCfg = Debug|Any CPU
		{44F3A943-976C-4071-9449-B8BC64528EFE}.Debug|Any CPU.Build.0 = Debug|Any CPU
		{44F3A943-976C-4071-9449-B8BC64528EFE}.Release|Any CPU.ActiveCfg = Release|Any CPU
		{44F3A943-976C-4071-9449-B8BC64528EFE}.Release|Any CPU.Build.0 = Release|Any CPU
	EndGlobalSection
	GlobalSection(SolutionProperties) = preSolution
		HideSolutionNode = FALSE
	EndGlobalSection
	GlobalSection(ExtensibilityGlobals) = postSolution
		SolutionGuid = {7DC51CAC-8C62-4D80-BCD0-BC78EA2764B9}
	EndGlobalSection
EndGlobal
